ariga.io/atlas v0.36.1 h1:w0BGAHPkzxpx0n9QWUVbtu7vUUihs7cDCTPsnnw9nck=
ariga.io/atlas v0.36.1/go.mod h1:9ZAIr/V85596AVxmN8edyVHYKKpnNsDMdnHLsEliW7k=
entgo.io/ent v0.14.5 h1:Rj2WOYJtCkWyFo6a+5wB3EfBRP0rnx1fMk6gGA0UUe4=
entgo.io/ent v0.14.5/go.mod h1:zTzLmWtPvGpmSwtkaayM2cm5m819NdM7z7tYPq3vN0U=
github.com/DATA-DOG/go-sqlmock v1.5.0 h1:Shsta01QNfFxHCfpW6YH2STWB0MudeXXEWMr20OEh60=
github.com/DATA-DOG/go-sqlmock v1.5.0/go.mod h1:f/Ixk793poVmq4qj/V1dPUg2JEAKC73Q5eFN3EC/SaM=
github.com/agext/levenshtein v1.2.3 h1:YB2fHEn0UJagG8T1rrWknE3ZQzWM06O8AMAatNn7lmo=
github.com/agext/levenshtein v1.2.3/go.mod h1:JEDfjyjHDjOF/1e4FlBE/PkbqA9OfWu2ki2W0IB5558=
github.com/apparentlymart/go-textseg/v15 v15.0.0 h1:uYvfpb3DyLSCGWnctWKGj857c6ew1u1fNQOlOtuGxQY=
github.com/apparentlymart/go-textseg/v15 v15.0.0/go.mod h1:K8XmNZdhEBkdlyDdvbmmsvpAG721bKi0joRfFdHIWJ4=
github.com/bmatcuk/doublestar v1.3.4 h1:gPypJ5xD31uhX6Tf54sDPUOBXTqKH4c9aPY66CyQrS0=
github.com/bmatcuk/doublestar v1.3.4/go.mod h1:wiQtGV+rzVYxB7WIlirSN++5HPtPlXEo9MEoZQC/PmE=
github.com/bmatcuk/doublestar/v4 v4.6.1/go.mod h1:xBQ8jztBU6kakFMg+8WGxn0c6z1fTSPVIjEY1Wr7jzc=
github.com/bmatcuk/doublestar/v4 v4.9.1 h1:X8jg9rRZmJd4yRy7ZeNDRnM+T3ZfHv15JiBJ/avrEXE=
github.com/bmatcuk/doublestar/v4 v4.9.1/go.mod h1:xBQ8jztBU6kakFMg+8WGxn0c6z1fTSPVIjEY1Wr7jzc=
github.com/casbin/casbin/v2 v2.120.0 h1:Mo9R/EKZk9aoagFs0OmuCmBYjWJfvbWJiX4aenIJOKY=
github.com/casbin/casbin/v2 v2.120.0/go.mod h1:Ee33aqGrmES+GNL17L0h9X28wXuo829wnNUnS0edAco=
github.com/casbin/govaluate v1.3.0/go.mod h1:G/UnbIjZk/0uMNaLwZZmFQrR72tYRZWQkO70si/iR7A=
github.com/casbin/govaluate v1.9.0 h1:XB53bSw+gaQ7tjTlFJsuTThPCQBxyUeQZ3drsKiicEY=
github.com/casbin/govaluate v1.9.0/go.mod h1:G/UnbIjZk/0uMNaLwZZmFQrR72tYRZWQkO70si/iR7A=
github.com/davecgh/go-spew v1.1.2-0.20180830191138-d8f796af33cc h1:U9qPSI2PIWSS1VwoXQT9A3Wy9MM3WgvqSxFWenqJduM=
github.com/davecgh/go-spew v1.1.2-0.20180830191138-d8f796af33cc/go.mod h1:J7Y8YcW2NihsgmVo/mv3lAwl/skON4iLHjSsI+c5H38=
github.com/go-openapi/inflect v0.21.3 h1:TmQvw+9eLrsNp4X0BBQacEZZtAnzk2z1FaLdQQJsDiU=
github.com/go-openapi/inflect v0.21.3/go.mod h1:INezMuUu7SJQc2AyR3WO0DqqYUJSj8Kb4hBd7WtjlAw=
github.com/go-test/deep v1.0.3 h1:ZrJSEWsXzPOxaZnFteGEfooLba+ju3FYIbOrS+rQd68=
github.com/go-test/deep v1.0.3/go.mod h1:wGDj63lr65AM2AQyKZd/NYHGb0R+1RLqB8NKt3aSFNA=
github.com/golang/mock v1.4.4 h1:l75CXGRSwbaYNpl/Z2X1XIIAMSCquvXgpVZDhwEIJsc=
github.com/golang/mock v1.4.4/go.mod h1:l3mdAwkq5BuhzHwde/uurv3sEJeZMXNpwsxVWU71h+4=
github.com/google/go-cmp v0.7.0 h1:wk8382ETsv4JYUZwIsn6YpYiWiBsYLSJiTsyBybVuN8=
github.com/google/go-cmp v0.7.0/go.mod h1:pXiqmnSA92OHEEa9HXL2W4E7lf9JzCmGVUdgjX3N/iU=
github.com/google/uuid v1.6.0 h1:NIvaJDMOsjHA8n1jAhLSgzrAzy1Hgr+hNrb57e+94F0=
github.com/google/uuid v1.6.0/go.mod h1:TIyPZe4MgqvfeYDBFedMoGGpEw/LqOeaOT+nhxU+yHo=
github.com/hashicorp/hcl/v2 v2.24.0 h1:2QJdZ454DSsYGoaE6QheQZjtKZSUs9Nh2izTWiwQxvE=
github.com/hashicorp/hcl/v2 v2.24.0/go.mod h1:oGoO1FIQYfn/AgyOhlg9qLC6/nOJPX3qGbkZpYAcqfM=
github.com/kr/pretty v0.3.1 h1:flRD4NNwYAUpkphVc1HcthR4KEIFJ65n8Mw5qdRn3LE=
github.com/kr/pretty v0.3.1/go.mod h1:hoEshYVHaxMs3cyo3Yncou5ZscifuDolrwPKZanG3xk=
github.com/kr/text v0.2.0 h1:5Nx0Ya0ZqY2ygV366QzturHI13Jq95ApcVaJBhpS+AY=
github.com/kr/text v0.2.0/go.mod h1:eLer722TekiGuMkidMxC/pM04lWEeraHUUmBw8l2grE=
github.com/mattn/go-sqlite3 v1.14.17 h1:mCRHCLDUBXgpKAqIKsaAaAsrAlbkeomtRFKXh2L6YIM=
github.com/mattn/go-sqlite3 v1.14.17/go.mod h1:2eHXhiwb8IkHr+BDWZGa96P6+rkvnG63S2DGjv9HUNg=
github.com/mitchellh/go-wordwrap v1.0.1 h1:TLuKupo69TCn6TQSyGxwI1EblZZEsQ0vMlAFQflz0v0=
github.com/mitchellh/go-wordwrap v1.0.1/go.mod h1:R62XHJLzvMFRBbcrT7m7WgmE1eOyTSsCt+hzestvNj0=
github.com/origadmin/ent-adapter v1.0.2 h1:vkmvJL1f+3Wab3DyCDk0RuGR0x1YZUuEZjanj3v60xE=
github.com/origadmin/ent-adapter v1.0.2/go.mod h1:8UR58SjkHICRvdis6fzuKIGnPUqOOXSKCbojQOuj/QA=
github.com/pkg/errors v0.9.1 h1:FEBLx1zS214owpjy7qsBeixbURkuhQAwrK5UwLGTwt4=
github.com/pkg/errors v0.9.1/go.mod h1:bwawxfHBFNV+L2hUp1rHADufV3IMtnDRdf1r5NINEl0=
github.com/pmezard/go-difflib v1.0.1-0.20181226105442-5d4384ee4fb2 h1:Jamvg5psRIccs7FGNTlIRMkT8wgtp5eCXdBlqhYGL6U=
github.com/pmezard/go-difflib v1.0.1-0.20181226105442-5d4384ee4fb2/go.mod h1:iKH77koFhYxTK1pcRnkKkqfTogsbg7gZNVY4sRDYZ/4=
github.com/rogpeppe/go-internal v1.12.0 h1:exVL4IDcn6na9z1rAb56Vxr+CgyK3nn3O+epU5NdKM8=
github.com/rogpeppe/go-internal v1.12.0/go.mod h1:E+RYuTGaKKdloAfM02xzb0FW3Paa99yedzYV+kq4uf4=
github.com/stretchr/testify v1.9.0 h1:HtqpIVDClZ4nwg75+f6Lvsy/wHu+3BoSGCbBAcpTsTg=
github.com/stretchr/testify v1.9.0/go.mod h1:r2ic/lqez/lEtzL7wO/rwa5dbSLXVDPFyf8C91i36aY=
github.com/zclconf/go-cty v1.16.4 h1:QGXaag7/7dCzb+odlGrgr+YmYZFaOCMW6DEpS+UD1eE=
github.com/zclconf/go-cty v1.16.4/go.mod h1:VvMs5i0vgZdhYawQNq5kePSpLAoz8u1xvZgrPIxfnZE=
github.com/zclconf/go-cty-debug v0.0.0-20240509010212-0d6042c53940 h1:4r45xpDWB6ZMSMNJFMOjqrGHynW3DIBuR2H9j0ug+Mo=
github.com/zclconf/go-cty-debug v0.0.0-20240509010212-0d6042c53940/go.mod h1:CmBdvvj3nqzfzJ6nTCIwDTPZ56aVGvDrmztiO5g3qrM=
github.com/zclconf/go-cty-yaml v1.1.0 h1:nP+jp0qPHv2IhUVqmQSzjvqAWcObN0KBkUl2rWBdig0=
github.com/zclconf/go-cty-yaml v1.1.0/go.mod h1:9YLUH4g7lOhVWqUbctnVlZ5KLpg7JAprQNgxSZ1Gyxs=
golang.org/x/crypto v0.0.0-20190308221718-c2843e01d9a2/go.mod h1:djNgcEr1/C05ACkg1iLfiJU5Ep61QUkGW8qpdssI0+w=
golang.org/x/mod v0.27.0 h1:kb+q2PyFnEADO2IEF935ehFUXlWiNjJWtRNgBLSfbxQ=
golang.org/x/mod v0.27.0/go.mod h1:rWI627Fq0DEoudcK+MBkNkCe0EetEaDSwJJkCcjpazc=
golang.org/x/net v0.0.0-20190311183353-d8887717615a/go.mod h1:t9HGtf8HONx5eT2rtn7q6eTqICYqUVnKs3thJo3Qplg=
golang.org/x/sync v0.0.0-20190423024810-112230192c58/go.mod h1:RxMgew5VJxzue5/jJTE5uejpjVlOe/izrB70Jof72aM=
golang.org/x/sync v0.16.0 h1:ycBJEhp9p4vXvUZNszeOq0kGTPghopOL8q0fq3vstxw=
golang.org/x/sync v0.16.0/go.mod h1:1dzgHSNfp02xaA81J2MS99Qcpr2w7fw1gpm99rleRqA=
golang.org/x/sys v0.0.0-20190215142949-d0b11bdaac8a/go.mod h1:STP8DvDyc/dI5b8T5hshtkjS+E42TnysNCUPdjciGhY=
golang.org/x/text v0.3.0/go.mod h1:NqM8EUOU14njkJ3fqMW+pc6Ldnwhi/IjpwHt7yyuwOQ=
golang.org/x/text v0.28.0 h1:rhazDwis8INMIwQ4tpjLDzUhx6RlXqZNPEM0huQojng=
golang.org/x/text v0.28.0/go.mod h1:U8nCwOR8jO/marOQ0QbDiOngZVEBB7MAiitBuMjXiNU=
golang.org/x/tools v0.0.0-20190425150028-36563e24a262/go.mod h1:RgjU9mgBXZiqYHBnxXauZ1Gv1EHHAz9KjViQ78xBX0Q=
golang.org/x/tools v0.36.0 h1:kWS0uv/zsvHEle1LbV5LE8QujrxB3wfQyxHfhOk0Qkg=
golang.org/x/tools v0.36.0/go.mod h1:WBDiHKJK8YgLHlcQPYQzNCkUxUypCaa5ZegCVutKm+s=
gopkg.in/check.v1 v0.0.0-20161208181325-20d25e280405/go.mod h1:Co6ibVJAznAaIkqp8huTwlJQCZ016jof/cbN4VW5Yz0=
gopkg.in/check.v1 v1.0.0-20201130134442-10cb98267c6c h1:Hei/4ADfdWqJk1ZMxUNpqntNwaWcugrBjAiHlqqRiVk=
gopkg.in/check.v1 v1.0.0-20201130134442-10cb98267c6c/go.mod h1:JHkPIbrfpd72SG/EVd6muEfDQjcINNoR0C8j2r3qZ4Q=
gopkg.in/yaml.v3 v3.0.1 h1:fxVm/GzAzEWqLHuvctI91KS9hhNmmWOoWu0XTYJS7CA=
gopkg.in/yaml.v3 v3.0.1/go.mod h1:K4uyk7z7BCEPqu6E+C64Yfv1cQ7kz7rIZviUmN+EgEM=
